{
  "name": "c-a-d-e",
  "version": "1.0.0",
  "lockfileVersion": 3,
  "requires": true,
  "packages": {
    "": {
      "name": "c-a-d-e",
      "version": "1.0.0",
      "license": "GPL-3.0",
      "bin": {
        "cade": "bin/cade.js"
      },
      "engines": {
        "node": ">=16.0.0"
      }
    }
  }
}
